
Microsoft Visual Studio Solution File, Format Version 12.00
# Visual Studio 15
VisualStudioVersion = 15.0.28307.136
MinimumVisualStudioVersion = 10.0.40219.1
Project("{8BC9CEB8-8B4A-11D0-8D11-00A0C91BC942}") = "A+B", "A+B\A+B.vcxproj", "{4811FB5F-DEE7-4078-8F8A-0F6874CF22BD}"
EndProject
Project("{8BC9CEB8-8B4A-11D0-8D11-00A0C91BC942}") = "3_strings", "3_strings\3_strings.vcxproj", "{F4C0B791-36C5-47CD-BE49-3823BD3C8527}"
EndProject
Project("{8BC9CEB8-8B4A-11D0-8D11-00A0C91BC942}") = "equation", "equation\equation.vcxproj", "{165BBCF8-84A8-44CB-9F76-556E378A6804}"
EndProject
Project("{8BC9CEB8-8B4A-11D0-8D11-00A0C91BC942}") = "2_num_div", "2_num_div\2_num_div.vcxproj", "{88F38F69-D1BC-43F8-884B-16A55022C5F5}"
EndProject
Project("{8BC9CEB8-8B4A-11D0-8D11-00A0C91BC942}") = "discount", "discount\discount.vcxproj", "{CDC30D1B-ECC3-47DE-9001-B22C78B155D4}"
EndProject
Project("{8BC9CEB8-8B4A-11D0-8D11-00A0C91BC942}") = "select_even_num", "select_even_num\select_even_num.vcxproj", "{6F5A0DCD-136F-4C14-B963-0CBD4B9CE94C}"
EndProject
Project("{8BC9CEB8-8B4A-11D0-8D11-00A0C91BC942}") = "second_occurence", "second_occurence\second_occurence.vcxproj", "{84346490-2842-4FC9-A562-87970DDCB843}"
EndProject
Project("{8BC9CEB8-8B4A-11D0-8D11-00A0C91BC942}") = "gcd", "gcd\gcd.vcxproj", "{E8C40375-4DB1-4DA5-A902-C813A239B2F3}"
EndProject
Project("{8BC9CEB8-8B4A-11D0-8D11-00A0C91BC942}") = "binary_num", "binary_num\binary_num.vcxproj", "{08051DC1-A405-4ACD-B474-DE15783FB8CE}"
EndProject
Project("{8BC9CEB8-8B4A-11D0-8D11-00A0C91BC942}") = "factorial", "factorial\factorial.vcxproj", "{5A871176-37C9-4204-AC3D-FDA4A143C02A}"
EndProject
Project("{8BC9CEB8-8B4A-11D0-8D11-00A0C91BC942}") = "palindrome", "palindrome\palindrome.vcxproj", "{F695794E-40AF-4F6F-BD6A-D2BA20592DB0}"
EndProject
Project("{8BC9CEB8-8B4A-11D0-8D11-00A0C91BC942}") = "add_palindrome", "add_palindrome\add_polindrome.vcxproj", "{C436B912-4988-420E-9934-EFAF0C9327B5}"
EndProject
Project("{8BC9CEB8-8B4A-11D0-8D11-00A0C91BC942}") = "maximizator", "maximizator\maximizator.vcxproj", "{CBE15611-CFF1-4931-AFE0-CE6237DA64AC}"
EndProject
Global
	GlobalSection(SolutionConfigurationPlatforms) = preSolution
		Debug|x64 = Debug|x64
		Debug|x86 = Debug|x86
		Release|x64 = Release|x64
		Release|x86 = Release|x86
	EndGlobalSection
	GlobalSection(ProjectConfigurationPlatforms) = postSolution
		{4811FB5F-DEE7-4078-8F8A-0F6874CF22BD}.Debug|x64.ActiveCfg = Debug|x64
		{4811FB5F-DEE7-4078-8F8A-0F6874CF22BD}.Debug|x64.Build.0 = Debug|x64
		{4811FB5F-DEE7-4078-8F8A-0F6874CF22BD}.Debug|x86.ActiveCfg = Debug|Win32
		{4811FB5F-DEE7-4078-8F8A-0F6874CF22BD}.Debug|x86.Build.0 = Debug|Win32
		{4811FB5F-DEE7-4078-8F8A-0F6874CF22BD}.Release|x64.ActiveCfg = Release|x64
		{4811FB5F-DEE7-4078-8F8A-0F6874CF22BD}.Release|x64.Build.0 = Release|x64
		{4811FB5F-DEE7-4078-8F8A-0F6874CF22BD}.Release|x86.ActiveCfg = Release|Win32
		{4811FB5F-DEE7-4078-8F8A-0F6874CF22BD}.Release|x86.Build.0 = Release|Win32
		{F4C0B791-36C5-47CD-BE49-3823BD3C8527}.Debug|x64.ActiveCfg = Debug|x64
		{F4C0B791-36C5-47CD-BE49-3823BD3C8527}.Debug|x64.Build.0 = Debug|x64
		{F4C0B791-36C5-47CD-BE49-3823BD3C8527}.Debug|x86.ActiveCfg = Debug|Win32
		{F4C0B791-36C5-47CD-BE49-3823BD3C8527}.Debug|x86.Build.0 = Debug|Win32
		{F4C0B791-36C5-47CD-BE49-3823BD3C8527}.Release|x64.ActiveCfg = Release|x64
		{F4C0B791-36C5-47CD-BE49-3823BD3C8527}.Release|x64.Build.0 = Release|x64
		{F4C0B791-36C5-47CD-BE49-3823BD3C8527}.Release|x86.ActiveCfg = Release|Win32
		{F4C0B791-36C5-47CD-BE49-3823BD3C8527}.Release|x86.Build.0 = Release|Win32
		{165BBCF8-84A8-44CB-9F76-556E378A6804}.Debug|x64.ActiveCfg = Debug|x64
		{165BBCF8-84A8-44CB-9F76-556E378A6804}.Debug|x64.Build.0 = Debug|x64
		{165BBCF8-84A8-44CB-9F76-556E378A6804}.Debug|x86.ActiveCfg = Debug|Win32
		{165BBCF8-84A8-44CB-9F76-556E378A6804}.Debug|x86.Build.0 = Debug|Win32
		{165BBCF8-84A8-44CB-9F76-556E378A6804}.Release|x64.ActiveCfg = Release|x64
		{165BBCF8-84A8-44CB-9F76-556E378A6804}.Release|x64.Build.0 = Release|x64
		{165BBCF8-84A8-44CB-9F76-556E378A6804}.Release|x86.ActiveCfg = Release|Win32
		{165BBCF8-84A8-44CB-9F76-556E378A6804}.Release|x86.Build.0 = Release|Win32
		{88F38F69-D1BC-43F8-884B-16A55022C5F5}.Debug|x64.ActiveCfg = Debug|x64
		{88F38F69-D1BC-43F8-884B-16A55022C5F5}.Debug|x64.Build.0 = Debug|x64
		{88F38F69-D1BC-43F8-884B-16A55022C5F5}.Debug|x86.ActiveCfg = Debug|Win32
		{88F38F69-D1BC-43F8-884B-16A55022C5F5}.Debug|x86.Build.0 = Debug|Win32
		{88F38F69-D1BC-43F8-884B-16A55022C5F5}.Release|x64.ActiveCfg = Release|x64
		{88F38F69-D1BC-43F8-884B-16A55022C5F5}.Release|x64.Build.0 = Release|x64
		{88F38F69-D1BC-43F8-884B-16A55022C5F5}.Release|x86.ActiveCfg = Release|Win32
		{88F38F69-D1BC-43F8-884B-16A55022C5F5}.Release|x86.Build.0 = Release|Win32
		{CDC30D1B-ECC3-47DE-9001-B22C78B155D4}.Debug|x64.ActiveCfg = Debug|x64
		{CDC30D1B-ECC3-47DE-9001-B22C78B155D4}.Debug|x64.Build.0 = Debug|x64
		{CDC30D1B-ECC3-47DE-9001-B22C78B155D4}.Debug|x86.ActiveCfg = Debug|Win32
		{CDC30D1B-ECC3-47DE-9001-B22C78B155D4}.Debug|x86.Build.0 = Debug|Win32
		{CDC30D1B-ECC3-47DE-9001-B22C78B155D4}.Release|x64.ActiveCfg = Release|x64
		{CDC30D1B-ECC3-47DE-9001-B22C78B155D4}.Release|x64.Build.0 = Release|x64
		{CDC30D1B-ECC3-47DE-9001-B22C78B155D4}.Release|x86.ActiveCfg = Release|Win32
		{CDC30D1B-ECC3-47DE-9001-B22C78B155D4}.Release|x86.Build.0 = Release|Win32
		{6F5A0DCD-136F-4C14-B963-0CBD4B9CE94C}.Debug|x64.ActiveCfg = Debug|x64
		{6F5A0DCD-136F-4C14-B963-0CBD4B9CE94C}.Debug|x64.Build.0 = Debug|x64
		{6F5A0DCD-136F-4C14-B963-0CBD4B9CE94C}.Debug|x86.ActiveCfg = Debug|Win32
		{6F5A0DCD-136F-4C14-B963-0CBD4B9CE94C}.Debug|x86.Build.0 = Debug|Win32
		{6F5A0DCD-136F-4C14-B963-0CBD4B9CE94C}.Release|x64.ActiveCfg = Release|x64
		{6F5A0DCD-136F-4C14-B963-0CBD4B9CE94C}.Release|x64.Build.0 = Release|x64
		{6F5A0DCD-136F-4C14-B963-0CBD4B9CE94C}.Release|x86.ActiveCfg = Release|Win32
		{6F5A0DCD-136F-4C14-B963-0CBD4B9CE94C}.Release|x86.Build.0 = Release|Win32
		{84346490-2842-4FC9-A562-87970DDCB843}.Debug|x64.ActiveCfg = Debug|x64
		{84346490-2842-4FC9-A562-87970DDCB843}.Debug|x64.Build.0 = Debug|x64
		{84346490-2842-4FC9-A562-87970DDCB843}.Debug|x86.ActiveCfg = Debug|Win32
		{84346490-2842-4FC9-A562-87970DDCB843}.Debug|x86.Build.0 = Debug|Win32
		{84346490-2842-4FC9-A562-87970DDCB843}.Release|x64.ActiveCfg = Release|x64
		{84346490-2842-4FC9-A562-87970DDCB843}.Release|x64.Build.0 = Release|x64
		{84346490-2842-4FC9-A562-87970DDCB843}.Release|x86.ActiveCfg = Release|Win32
		{84346490-2842-4FC9-A562-87970DDCB843}.Release|x86.Build.0 = Release|Win32
		{E8C40375-4DB1-4DA5-A902-C813A239B2F3}.Debug|x64.ActiveCfg = Debug|x64
		{E8C40375-4DB1-4DA5-A902-C813A239B2F3}.Debug|x64.Build.0 = Debug|x64
		{E8C40375-4DB1-4DA5-A902-C813A239B2F3}.Debug|x86.ActiveCfg = Debug|Win32
		{E8C40375-4DB1-4DA5-A902-C813A239B2F3}.Debug|x86.Build.0 = Debug|Win32
		{E8C40375-4DB1-4DA5-A902-C813A239B2F3}.Release|x64.ActiveCfg = Release|x64
		{E8C40375-4DB1-4DA5-A902-C813A239B2F3}.Release|x64.Build.0 = Release|x64
		{E8C40375-4DB1-4DA5-A902-C813A239B2F3}.Release|x86.ActiveCfg = Release|Win32
		{E8C40375-4DB1-4DA5-A902-C813A239B2F3}.Release|x86.Build.0 = Release|Win32
		{08051DC1-A405-4ACD-B474-DE15783FB8CE}.Debug|x64.ActiveCfg = Debug|x64
		{08051DC1-A405-4ACD-B474-DE15783FB8CE}.Debug|x64.Build.0 = Debug|x64
		{08051DC1-A405-4ACD-B474-DE15783FB8CE}.Debug|x86.ActiveCfg = Debug|Win32
		{08051DC1-A405-4ACD-B474-DE15783FB8CE}.Debug|x86.Build.0 = Debug|Win32
		{08051DC1-A405-4ACD-B474-DE15783FB8CE}.Release|x64.ActiveCfg = Release|x64
		{08051DC1-A405-4ACD-B474-DE15783FB8CE}.Release|x64.Build.0 = Release|x64
		{08051DC1-A405-4ACD-B474-DE15783FB8CE}.Release|x86.ActiveCfg = Release|Win32
		{08051DC1-A405-4ACD-B474-DE15783FB8CE}.Release|x86.Build.0 = Release|Win32
		{5A871176-37C9-4204-AC3D-FDA4A143C02A}.Debug|x64.ActiveCfg = Debug|x64
		{5A871176-37C9-4204-AC3D-FDA4A143C02A}.Debug|x64.Build.0 = Debug|x64
		{5A871176-37C9-4204-AC3D-FDA4A143C02A}.Debug|x86.ActiveCfg = Debug|Win32
		{5A871176-37C9-4204-AC3D-FDA4A143C02A}.Debug|x86.Build.0 = Debug|Win32
		{5A871176-37C9-4204-AC3D-FDA4A143C02A}.Release|x64.ActiveCfg = Release|x64
		{5A871176-37C9-4204-AC3D-FDA4A143C02A}.Release|x64.Build.0 = Release|x64
		{5A871176-37C9-4204-AC3D-FDA4A143C02A}.Release|x86.ActiveCfg = Release|Win32
		{5A871176-37C9-4204-AC3D-FDA4A143C02A}.Release|x86.Build.0 = Release|Win32
		{F695794E-40AF-4F6F-BD6A-D2BA20592DB0}.Debug|x64.ActiveCfg = Debug|x64
		{F695794E-40AF-4F6F-BD6A-D2BA20592DB0}.Debug|x64.Build.0 = Debug|x64
		{F695794E-40AF-4F6F-BD6A-D2BA20592DB0}.Debug|x86.ActiveCfg = Debug|Win32
		{F695794E-40AF-4F6F-BD6A-D2BA20592DB0}.Debug|x86.Build.0 = Debug|Win32
		{F695794E-40AF-4F6F-BD6A-D2BA20592DB0}.Release|x64.ActiveCfg = Release|x64
		{F695794E-40AF-4F6F-BD6A-D2BA20592DB0}.Release|x64.Build.0 = Release|x64
		{F695794E-40AF-4F6F-BD6A-D2BA20592DB0}.Release|x86.ActiveCfg = Release|Win32
		{F695794E-40AF-4F6F-BD6A-D2BA20592DB0}.Release|x86.Build.0 = Release|Win32
		{C436B912-4988-420E-9934-EFAF0C9327B5}.Debug|x64.ActiveCfg = Debug|x64
		{C436B912-4988-420E-9934-EFAF0C9327B5}.Debug|x64.Build.0 = Debug|x64
		{C436B912-4988-420E-9934-EFAF0C9327B5}.Debug|x86.ActiveCfg = Debug|Win32
		{C436B912-4988-420E-9934-EFAF0C9327B5}.Debug|x86.Build.0 = Debug|Win32
		{C436B912-4988-420E-9934-EFAF0C9327B5}.Release|x64.ActiveCfg = Release|x64
		{C436B912-4988-420E-9934-EFAF0C9327B5}.Release|x64.Build.0 = Release|x64
		{C436B912-4988-420E-9934-EFAF0C9327B5}.Release|x86.ActiveCfg = Release|Win32
		{C436B912-4988-420E-9934-EFAF0C9327B5}.Release|x86.Build.0 = Release|Win32
		{CBE15611-CFF1-4931-AFE0-CE6237DA64AC}.Debug|x64.ActiveCfg = Debug|x64
		{CBE15611-CFF1-4931-AFE0-CE6237DA64AC}.Debug|x64.Build.0 = Debug|x64
		{CBE15611-CFF1-4931-AFE0-CE6237DA64AC}.Debug|x86.ActiveCfg = Debug|Win32
		{CBE15611-CFF1-4931-AFE0-CE6237DA64AC}.Debug|x86.Build.0 = Debug|Win32
		{CBE15611-CFF1-4931-AFE0-CE6237DA64AC}.Release|x64.ActiveCfg = Release|x64
		{CBE15611-CFF1-4931-AFE0-CE6237DA64AC}.Release|x64.Build.0 = Release|x64
		{CBE15611-CFF1-4931-AFE0-CE6237DA64AC}.Release|x86.ActiveCfg = Release|Win32
		{CBE15611-CFF1-4931-AFE0-CE6237DA64AC}.Release|x86.Build.0 = Release|Win32
	EndGlobalSection
	GlobalSection(SolutionProperties) = preSolution
		HideSolutionNode = FALSE
	EndGlobalSection
	GlobalSection(ExtensibilityGlobals) = postSolution
		SolutionGuid = {7431C94E-8D7C-4ACD-B2AA-210C9DF97CBF}
	EndGlobalSection
EndGlobal
