
Microsoft Visual Studio Solution File, Format Version 12.00
# Visual Studio 15
VisualStudioVersion = 15.0.28307.136
MinimumVisualStudioVersion = 10.0.40219.1
Project("{8BC9CEB8-8B4A-11D0-8D11-00A0C91BC942}") = "matrix", "1\matrix\matrix.vcxproj", "{2B25500A-A396-4C15-A1E5-0BE728105520}"
EndProject
Project("{2150E333-8FDC-42A3-9474-1A3956D46DE8}") = "1", "1", "{BE8EE07E-84BD-43B9-BB10-22F38FDDA850}"
EndProject
Project("{8BC9CEB8-8B4A-11D0-8D11-00A0C91BC942}") = "avg_temp", "1\avg_temp\avg_temp.vcxproj", "{6D665C0C-BF74-4FC8-900E-9BB21B218C49}"
EndProject
Project("{8BC9CEB8-8B4A-11D0-8D11-00A0C91BC942}") = "blocks", "1\blocks\blocks.vcxproj", "{C4848389-F78B-4F43-AB6E-32951B33432B}"
EndProject
Project("{8BC9CEB8-8B4A-11D0-8D11-00A0C91BC942}") = "region_base", "1\region_base\region_base.vcxproj", "{25E2D7E7-A3BD-4362-BB7C-94599257A31E}"
EndProject
Project("{8BC9CEB8-8B4A-11D0-8D11-00A0C91BC942}") = "tasks", "1\tasks\tasks.vcxproj", "{05B3FA0A-42DF-4D72-AD71-94B463EE9CA5}"
EndProject
Project("{8BC9CEB8-8B4A-11D0-8D11-00A0C91BC942}") = "sqr", "1\sqr\sqr.vcxproj", "{793FBDF3-FE9B-4174-A699-AF4FFBF97D06}"
EndProject
Project("{8BC9CEB8-8B4A-11D0-8D11-00A0C91BC942}") = "link", "1\link\link.vcxproj", "{DA9359D6-B4DC-4BED-90B9-2E7F10D18AA2}"
EndProject
Project("{2150E333-8FDC-42A3-9474-1A3956D46DE8}") = "2", "2", "{E5423D45-0AC0-4A56-A0F0-EDA3216E2683}"
EndProject
Project("{8BC9CEB8-8B4A-11D0-8D11-00A0C91BC942}") = "BusStopDecomp", "2\BusStopDecomp\BusStopDecomp.vcxproj", "{F40D1A89-E878-4605-984B-BC15E1FF9DA0}"
EndProject
Project("{8BC9CEB8-8B4A-11D0-8D11-00A0C91BC942}") = "GetDistinctRealRootCount", "2\GetDistinctRealRootCount\GetDistinctRealRootCount.vcxproj", "{D8C97313-1AF2-4918-BF81-F1F810216113}"
EndProject
Project("{8BC9CEB8-8B4A-11D0-8D11-00A0C91BC942}") = "TestPerson", "2\TestPerson\TestPerson.vcxproj", "{BBEBE6A0-87B0-44F4-B871-0B1FEA67D172}"
EndProject
Project("{8BC9CEB8-8B4A-11D0-8D11-00A0C91BC942}") = "TestRational", "2\TestRational\TestRational.vcxproj", "{A8BB75BF-BA32-485C-BEDE-334D50EA60B6}"
EndProject
Project("{8BC9CEB8-8B4A-11D0-8D11-00A0C91BC942}") = "TestPalindrome", "2\TestPalindrome\TestPalindrome.vcxproj", "{810560A5-14BE-40FF-9F5A-64C43BA46B16}"
EndProject
Project("{2150E333-8FDC-42A3-9474-1A3956D46DE8}") = "3", "3", "{FC432F22-F8DE-43A2-80DE-D2190100EF03}"
EndProject
Project("{8BC9CEB8-8B4A-11D0-8D11-00A0C91BC942}") = "SumReverseSort", "3\SumReverseSort\SumReverseSort.vcxproj", "{6CEBE0C9-B0A7-4257-B9A8-0628D36DEB3C}"
EndProject
Global
	GlobalSection(SolutionConfigurationPlatforms) = preSolution
		Debug|x64 = Debug|x64
		Debug|x86 = Debug|x86
		Release|x64 = Release|x64
		Release|x86 = Release|x86
	EndGlobalSection
	GlobalSection(ProjectConfigurationPlatforms) = postSolution
		{2B25500A-A396-4C15-A1E5-0BE728105520}.Debug|x64.ActiveCfg = Debug|x64
		{2B25500A-A396-4C15-A1E5-0BE728105520}.Debug|x64.Build.0 = Debug|x64
		{2B25500A-A396-4C15-A1E5-0BE728105520}.Debug|x86.ActiveCfg = Debug|Win32
		{2B25500A-A396-4C15-A1E5-0BE728105520}.Debug|x86.Build.0 = Debug|Win32
		{2B25500A-A396-4C15-A1E5-0BE728105520}.Release|x64.ActiveCfg = Release|x64
		{2B25500A-A396-4C15-A1E5-0BE728105520}.Release|x64.Build.0 = Release|x64
		{2B25500A-A396-4C15-A1E5-0BE728105520}.Release|x86.ActiveCfg = Release|Win32
		{2B25500A-A396-4C15-A1E5-0BE728105520}.Release|x86.Build.0 = Release|Win32
		{6D665C0C-BF74-4FC8-900E-9BB21B218C49}.Debug|x64.ActiveCfg = Debug|x64
		{6D665C0C-BF74-4FC8-900E-9BB21B218C49}.Debug|x64.Build.0 = Debug|x64
		{6D665C0C-BF74-4FC8-900E-9BB21B218C49}.Debug|x86.ActiveCfg = Debug|Win32
		{6D665C0C-BF74-4FC8-900E-9BB21B218C49}.Debug|x86.Build.0 = Debug|Win32
		{6D665C0C-BF74-4FC8-900E-9BB21B218C49}.Release|x64.ActiveCfg = Release|x64
		{6D665C0C-BF74-4FC8-900E-9BB21B218C49}.Release|x64.Build.0 = Release|x64
		{6D665C0C-BF74-4FC8-900E-9BB21B218C49}.Release|x86.ActiveCfg = Release|Win32
		{6D665C0C-BF74-4FC8-900E-9BB21B218C49}.Release|x86.Build.0 = Release|Win32
		{C4848389-F78B-4F43-AB6E-32951B33432B}.Debug|x64.ActiveCfg = Debug|x64
		{C4848389-F78B-4F43-AB6E-32951B33432B}.Debug|x64.Build.0 = Debug|x64
		{C4848389-F78B-4F43-AB6E-32951B33432B}.Debug|x86.ActiveCfg = Debug|Win32
		{C4848389-F78B-4F43-AB6E-32951B33432B}.Debug|x86.Build.0 = Debug|Win32
		{C4848389-F78B-4F43-AB6E-32951B33432B}.Release|x64.ActiveCfg = Release|x64
		{C4848389-F78B-4F43-AB6E-32951B33432B}.Release|x64.Build.0 = Release|x64
		{C4848389-F78B-4F43-AB6E-32951B33432B}.Release|x86.ActiveCfg = Release|Win32
		{C4848389-F78B-4F43-AB6E-32951B33432B}.Release|x86.Build.0 = Release|Win32
		{25E2D7E7-A3BD-4362-BB7C-94599257A31E}.Debug|x64.ActiveCfg = Debug|x64
		{25E2D7E7-A3BD-4362-BB7C-94599257A31E}.Debug|x64.Build.0 = Debug|x64
		{25E2D7E7-A3BD-4362-BB7C-94599257A31E}.Debug|x86.ActiveCfg = Debug|Win32
		{25E2D7E7-A3BD-4362-BB7C-94599257A31E}.Debug|x86.Build.0 = Debug|Win32
		{25E2D7E7-A3BD-4362-BB7C-94599257A31E}.Release|x64.ActiveCfg = Release|x64
		{25E2D7E7-A3BD-4362-BB7C-94599257A31E}.Release|x64.Build.0 = Release|x64
		{25E2D7E7-A3BD-4362-BB7C-94599257A31E}.Release|x86.ActiveCfg = Release|Win32
		{25E2D7E7-A3BD-4362-BB7C-94599257A31E}.Release|x86.Build.0 = Release|Win32
		{05B3FA0A-42DF-4D72-AD71-94B463EE9CA5}.Debug|x64.ActiveCfg = Debug|x64
		{05B3FA0A-42DF-4D72-AD71-94B463EE9CA5}.Debug|x64.Build.0 = Debug|x64
		{05B3FA0A-42DF-4D72-AD71-94B463EE9CA5}.Debug|x86.ActiveCfg = Debug|Win32
		{05B3FA0A-42DF-4D72-AD71-94B463EE9CA5}.Debug|x86.Build.0 = Debug|Win32
		{05B3FA0A-42DF-4D72-AD71-94B463EE9CA5}.Release|x64.ActiveCfg = Release|x64
		{05B3FA0A-42DF-4D72-AD71-94B463EE9CA5}.Release|x64.Build.0 = Release|x64
		{05B3FA0A-42DF-4D72-AD71-94B463EE9CA5}.Release|x86.ActiveCfg = Release|Win32
		{05B3FA0A-42DF-4D72-AD71-94B463EE9CA5}.Release|x86.Build.0 = Release|Win32
		{793FBDF3-FE9B-4174-A699-AF4FFBF97D06}.Debug|x64.ActiveCfg = Debug|x64
		{793FBDF3-FE9B-4174-A699-AF4FFBF97D06}.Debug|x64.Build.0 = Debug|x64
		{793FBDF3-FE9B-4174-A699-AF4FFBF97D06}.Debug|x86.ActiveCfg = Debug|Win32
		{793FBDF3-FE9B-4174-A699-AF4FFBF97D06}.Debug|x86.Build.0 = Debug|Win32
		{793FBDF3-FE9B-4174-A699-AF4FFBF97D06}.Release|x64.ActiveCfg = Release|x64
		{793FBDF3-FE9B-4174-A699-AF4FFBF97D06}.Release|x64.Build.0 = Release|x64
		{793FBDF3-FE9B-4174-A699-AF4FFBF97D06}.Release|x86.ActiveCfg = Release|Win32
		{793FBDF3-FE9B-4174-A699-AF4FFBF97D06}.Release|x86.Build.0 = Release|Win32
		{DA9359D6-B4DC-4BED-90B9-2E7F10D18AA2}.Debug|x64.ActiveCfg = Debug|x64
		{DA9359D6-B4DC-4BED-90B9-2E7F10D18AA2}.Debug|x64.Build.0 = Debug|x64
		{DA9359D6-B4DC-4BED-90B9-2E7F10D18AA2}.Debug|x86.ActiveCfg = Debug|Win32
		{DA9359D6-B4DC-4BED-90B9-2E7F10D18AA2}.Debug|x86.Build.0 = Debug|Win32
		{DA9359D6-B4DC-4BED-90B9-2E7F10D18AA2}.Release|x64.ActiveCfg = Release|x64
		{DA9359D6-B4DC-4BED-90B9-2E7F10D18AA2}.Release|x64.Build.0 = Release|x64
		{DA9359D6-B4DC-4BED-90B9-2E7F10D18AA2}.Release|x86.ActiveCfg = Release|Win32
		{DA9359D6-B4DC-4BED-90B9-2E7F10D18AA2}.Release|x86.Build.0 = Release|Win32
		{F40D1A89-E878-4605-984B-BC15E1FF9DA0}.Debug|x64.ActiveCfg = Debug|x64
		{F40D1A89-E878-4605-984B-BC15E1FF9DA0}.Debug|x64.Build.0 = Debug|x64
		{F40D1A89-E878-4605-984B-BC15E1FF9DA0}.Debug|x86.ActiveCfg = Debug|Win32
		{F40D1A89-E878-4605-984B-BC15E1FF9DA0}.Debug|x86.Build.0 = Debug|Win32
		{F40D1A89-E878-4605-984B-BC15E1FF9DA0}.Release|x64.ActiveCfg = Release|x64
		{F40D1A89-E878-4605-984B-BC15E1FF9DA0}.Release|x64.Build.0 = Release|x64
		{F40D1A89-E878-4605-984B-BC15E1FF9DA0}.Release|x86.ActiveCfg = Release|Win32
		{F40D1A89-E878-4605-984B-BC15E1FF9DA0}.Release|x86.Build.0 = Release|Win32
		{D8C97313-1AF2-4918-BF81-F1F810216113}.Debug|x64.ActiveCfg = Debug|x64
		{D8C97313-1AF2-4918-BF81-F1F810216113}.Debug|x64.Build.0 = Debug|x64
		{D8C97313-1AF2-4918-BF81-F1F810216113}.Debug|x86.ActiveCfg = Debug|Win32
		{D8C97313-1AF2-4918-BF81-F1F810216113}.Debug|x86.Build.0 = Debug|Win32
		{D8C97313-1AF2-4918-BF81-F1F810216113}.Release|x64.ActiveCfg = Release|x64
		{D8C97313-1AF2-4918-BF81-F1F810216113}.Release|x64.Build.0 = Release|x64
		{D8C97313-1AF2-4918-BF81-F1F810216113}.Release|x86.ActiveCfg = Release|Win32
		{D8C97313-1AF2-4918-BF81-F1F810216113}.Release|x86.Build.0 = Release|Win32
		{BBEBE6A0-87B0-44F4-B871-0B1FEA67D172}.Debug|x64.ActiveCfg = Debug|x64
		{BBEBE6A0-87B0-44F4-B871-0B1FEA67D172}.Debug|x64.Build.0 = Debug|x64
		{BBEBE6A0-87B0-44F4-B871-0B1FEA67D172}.Debug|x86.ActiveCfg = Debug|Win32
		{BBEBE6A0-87B0-44F4-B871-0B1FEA67D172}.Debug|x86.Build.0 = Debug|Win32
		{BBEBE6A0-87B0-44F4-B871-0B1FEA67D172}.Release|x64.ActiveCfg = Release|x64
		{BBEBE6A0-87B0-44F4-B871-0B1FEA67D172}.Release|x64.Build.0 = Release|x64
		{BBEBE6A0-87B0-44F4-B871-0B1FEA67D172}.Release|x86.ActiveCfg = Release|Win32
		{BBEBE6A0-87B0-44F4-B871-0B1FEA67D172}.Release|x86.Build.0 = Release|Win32
		{A8BB75BF-BA32-485C-BEDE-334D50EA60B6}.Debug|x64.ActiveCfg = Debug|x64
		{A8BB75BF-BA32-485C-BEDE-334D50EA60B6}.Debug|x64.Build.0 = Debug|x64
		{A8BB75BF-BA32-485C-BEDE-334D50EA60B6}.Debug|x86.ActiveCfg = Debug|Win32
		{A8BB75BF-BA32-485C-BEDE-334D50EA60B6}.Debug|x86.Build.0 = Debug|Win32
		{A8BB75BF-BA32-485C-BEDE-334D50EA60B6}.Release|x64.ActiveCfg = Release|x64
		{A8BB75BF-BA32-485C-BEDE-334D50EA60B6}.Release|x64.Build.0 = Release|x64
		{A8BB75BF-BA32-485C-BEDE-334D50EA60B6}.Release|x86.ActiveCfg = Release|Win32
		{A8BB75BF-BA32-485C-BEDE-334D50EA60B6}.Release|x86.Build.0 = Release|Win32
		{810560A5-14BE-40FF-9F5A-64C43BA46B16}.Debug|x64.ActiveCfg = Debug|x64
		{810560A5-14BE-40FF-9F5A-64C43BA46B16}.Debug|x64.Build.0 = Debug|x64
		{810560A5-14BE-40FF-9F5A-64C43BA46B16}.Debug|x86.ActiveCfg = Debug|Win32
		{810560A5-14BE-40FF-9F5A-64C43BA46B16}.Debug|x86.Build.0 = Debug|Win32
		{810560A5-14BE-40FF-9F5A-64C43BA46B16}.Release|x64.ActiveCfg = Release|x64
		{810560A5-14BE-40FF-9F5A-64C43BA46B16}.Release|x64.Build.0 = Release|x64
		{810560A5-14BE-40FF-9F5A-64C43BA46B16}.Release|x86.ActiveCfg = Release|Win32
		{810560A5-14BE-40FF-9F5A-64C43BA46B16}.Release|x86.Build.0 = Release|Win32
		{6CEBE0C9-B0A7-4257-B9A8-0628D36DEB3C}.Debug|x64.ActiveCfg = Debug|x64
		{6CEBE0C9-B0A7-4257-B9A8-0628D36DEB3C}.Debug|x64.Build.0 = Debug|x64
		{6CEBE0C9-B0A7-4257-B9A8-0628D36DEB3C}.Debug|x86.ActiveCfg = Debug|Win32
		{6CEBE0C9-B0A7-4257-B9A8-0628D36DEB3C}.Debug|x86.Build.0 = Debug|Win32
		{6CEBE0C9-B0A7-4257-B9A8-0628D36DEB3C}.Release|x64.ActiveCfg = Release|x64
		{6CEBE0C9-B0A7-4257-B9A8-0628D36DEB3C}.Release|x64.Build.0 = Release|x64
		{6CEBE0C9-B0A7-4257-B9A8-0628D36DEB3C}.Release|x86.ActiveCfg = Release|Win32
		{6CEBE0C9-B0A7-4257-B9A8-0628D36DEB3C}.Release|x86.Build.0 = Release|Win32
	EndGlobalSection
	GlobalSection(SolutionProperties) = preSolution
		HideSolutionNode = FALSE
	EndGlobalSection
	GlobalSection(NestedProjects) = preSolution
		{2B25500A-A396-4C15-A1E5-0BE728105520} = {BE8EE07E-84BD-43B9-BB10-22F38FDDA850}
		{6D665C0C-BF74-4FC8-900E-9BB21B218C49} = {BE8EE07E-84BD-43B9-BB10-22F38FDDA850}
		{C4848389-F78B-4F43-AB6E-32951B33432B} = {BE8EE07E-84BD-43B9-BB10-22F38FDDA850}
		{25E2D7E7-A3BD-4362-BB7C-94599257A31E} = {BE8EE07E-84BD-43B9-BB10-22F38FDDA850}
		{05B3FA0A-42DF-4D72-AD71-94B463EE9CA5} = {BE8EE07E-84BD-43B9-BB10-22F38FDDA850}
		{793FBDF3-FE9B-4174-A699-AF4FFBF97D06} = {BE8EE07E-84BD-43B9-BB10-22F38FDDA850}
		{DA9359D6-B4DC-4BED-90B9-2E7F10D18AA2} = {BE8EE07E-84BD-43B9-BB10-22F38FDDA850}
		{F40D1A89-E878-4605-984B-BC15E1FF9DA0} = {E5423D45-0AC0-4A56-A0F0-EDA3216E2683}
		{D8C97313-1AF2-4918-BF81-F1F810216113} = {E5423D45-0AC0-4A56-A0F0-EDA3216E2683}
		{BBEBE6A0-87B0-44F4-B871-0B1FEA67D172} = {E5423D45-0AC0-4A56-A0F0-EDA3216E2683}
		{A8BB75BF-BA32-485C-BEDE-334D50EA60B6} = {E5423D45-0AC0-4A56-A0F0-EDA3216E2683}
		{810560A5-14BE-40FF-9F5A-64C43BA46B16} = {E5423D45-0AC0-4A56-A0F0-EDA3216E2683}
		{6CEBE0C9-B0A7-4257-B9A8-0628D36DEB3C} = {FC432F22-F8DE-43A2-80DE-D2190100EF03}
	EndGlobalSection
	GlobalSection(ExtensibilityGlobals) = postSolution
		SolutionGuid = {5DFF1D15-3109-4E5B-9E12-720278D4677A}
	EndGlobalSection
EndGlobal
